{
  "requires": true,
  "lockfileVersion": 1,
  "dependencies": {
    "v-runtime-template": {
      "version": "1.10.0",
      "resolved": "https://registry.npmjs.org/v-runtime-template/-/v-runtime-template-1.10.0.tgz",
      "integrity": "sha512-WLlq9jUepSfUrMEenw3mn7FDXX6hhbl11JjC1OKhwLzifHzVrY5a696TUHDPyj9jke3GGnR7b+2T3od/RL5cww=="
    }
  }
}
